
Microsoft Visual Studio Solution File, Format Version 12.00
# Visual Studio 15
VisualStudioVersion = 15.0.28307.1062
MinimumVisualStudioVersion = 10.0.40219.1
Project("{FAE04EC0-301F-11D3-BF4B-00C04F79EFBC}") = "GestureDemo.Android", "GestureDemo\GestureDemo.Android\GestureDemo.Android.csproj", "{24CE3C36-16B9-426D-AA0C-5961ECF8D88C}"
EndProject
Project("{FAE04EC0-301F-11D3-BF4B-00C04F79EFBC}") = "GestureDemo", "GestureDemo\GestureDemo\GestureDemo.csproj", "{CB4B26A3-823E-403C-8BF1-1B59CFE064D6}"
EndProject
Global
	GlobalSection(SolutionConfigurationPlatforms) = preSolution
		Debug|Any CPU = Debug|Any CPU
		Release|Any CPU = Release|Any CPU
	EndGlobalSection
	GlobalSection(ProjectConfigurationPlatforms) = postSolution
		{24CE3C36-16B9-426D-AA0C-5961ECF8D88C}.Debug|Any CPU.ActiveCfg = Debug|Any CPU
		{24CE3C36-16B9-426D-AA0C-5961ECF8D88C}.Debug|Any CPU.Build.0 = Debug|Any CPU
		{24CE3C36-16B9-426D-AA0C-5961ECF8D88C}.Debug|Any CPU.Deploy.0 = Debug|Any CPU
		{24CE3C36-16B9-426D-AA0C-5961ECF8D88C}.Release|Any CPU.ActiveCfg = Release|Any CPU
		{24CE3C36-16B9-426D-AA0C-5961ECF8D88C}.Release|Any CPU.Build.0 = Release|Any CPU
		{24CE3C36-16B9-426D-AA0C-5961ECF8D88C}.Release|Any CPU.Deploy.0 = Release|Any CPU
		{CB4B26A3-823E-403C-8BF1-1B59CFE064D6}.Debug|Any CPU.ActiveCfg = Debug|Any CPU
		{CB4B26A3-823E-403C-8BF1-1B59CFE064D6}.Debug|Any CPU.Build.0 = Debug|Any CPU
		{CB4B26A3-823E-403C-8BF1-1B59CFE064D6}.Debug|Any CPU.Deploy.0 = Debug|Any CPU
		{CB4B26A3-823E-403C-8BF1-1B59CFE064D6}.Release|Any CPU.ActiveCfg = Release|Any CPU
		{CB4B26A3-823E-403C-8BF1-1B59CFE064D6}.Release|Any CPU.Build.0 = Release|Any CPU
		{CB4B26A3-823E-403C-8BF1-1B59CFE064D6}.Release|Any CPU.Deploy.0 = Release|Any CPU
	EndGlobalSection
	GlobalSection(SolutionProperties) = preSolution
		HideSolutionNode = FALSE
	EndGlobalSection
	GlobalSection(ExtensibilityGlobals) = postSolution
		SolutionGuid = {A70B6E28-3D30-4EB3-888A-1F8C792649FD}
	EndGlobalSection
EndGlobal
